uuid: bbf4ca73-be94-4c7e-aee0-a9e845d2d31e
langcode: en
status: true
dependencies:
  config:
    - field.storage.node.field_use_hero_block
    - node.type.art_installation
id: node.art_installation.field_use_hero_block
field_name: field_use_hero_block
entity_type: node
bundle: art_installation
label: 'Use Hero Block'
description: ''
required: false
translatable: false
default_value: {  }
default_value_callback: ''
settings:
  on_label: 'On'
  off_label: 'Off'
field_type: boolean
